// !$*UTF8*$!
{
	archiveVersion = 1;
	classes = {
	};
	objectVersion = 56;
	objects = {

/* Begin PBXBuildFile section */
		1A3202072BBF6A4900B65065 /* Monthly_PlannerApp.swift in Sources */ = {isa = PBXBuildFile; fileRef = 1A3202062BBF6A4900B65065 /* Monthly_PlannerApp.swift */; };
		1A3202092BBF6A4900B65065 /* SignUpView.swift in Sources */ = {isa = PBXBuildFile; fileRef = 1A3202082BBF6A4900B65065 /* SignUpView.swift */; };
		1A32020B2BBF6A4B00B65065 /* Assets.xcassets in Resources */ = {isa = PBXBuildFile; fileRef = 1A32020A2BBF6A4B00B65065 /* Assets.xcassets */; };
		1A32020E2BBF6A4B00B65065 /* Preview Assets.xcassets in Resources */ = {isa = PBXBuildFile; fileRef = 1A32020D2BBF6A4B00B65065 /* Preview Assets.xcassets */; };
		1A3202192BBF843B00B65065 /* FirebaseAnalytics in Frameworks */ = {isa = PBXBuildFile; productRef = 1A3202182BBF843B00B65065 /* FirebaseAnalytics */; };
		1A32021B2BBF843B00B65065 /* FirebaseAnalyticsOnDeviceConversion in Frameworks */ = {isa = PBXBuildFile; productRef = 1A32021A2BBF843B00B65065 /* FirebaseAnalyticsOnDeviceConversion */; };
		1A32021D2BBF843B00B65065 /* FirebaseAnalyticsSwift in Frameworks */ = {isa = PBXBuildFile; productRef = 1A32021C2BBF843B00B65065 /* FirebaseAnalyticsSwift */; };
		1A32021F2BBF843B00B65065 /* FirebaseAnalyticsWithoutAdIdSupport in Frameworks */ = {isa = PBXBuildFile; productRef = 1A32021E2BBF843B00B65065 /* FirebaseAnalyticsWithoutAdIdSupport */; };
		1A3202212BBF843B00B65065 /* FirebaseAppCheck in Frameworks */ = {isa = PBXBuildFile; productRef = 1A3202202BBF843B00B65065 /* FirebaseAppCheck */; };
		1A3202232BBF843B00B65065 /* FirebaseAppDistribution-Beta in Frameworks */ = {isa = PBXBuildFile; productRef = 1A3202222BBF843B00B65065 /* FirebaseAppDistribution-Beta */; };
		1A3202252BBF843B00B65065 /* FirebaseAuth in Frameworks */ = {isa = PBXBuildFile; productRef = 1A3202242BBF843B00B65065 /* FirebaseAuth */; };
		1A3202272BBF843B00B65065 /* FirebaseAuthCombine-Community in Frameworks */ = {isa = PBXBuildFile; productRef = 1A3202262BBF843B00B65065 /* FirebaseAuthCombine-Community */; };
		1A3202292BBF843B00B65065 /* FirebaseCrashlytics in Frameworks */ = {isa = PBXBuildFile; productRef = 1A3202282BBF843B00B65065 /* FirebaseCrashlytics */; };
		1A32022B2BBF843B00B65065 /* FirebaseDatabase in Frameworks */ = {isa = PBXBuildFile; productRef = 1A32022A2BBF843B00B65065 /* FirebaseDatabase */; };
		1A32022D2BBF843B00B65065 /* FirebaseDatabaseSwift in Frameworks */ = {isa = PBXBuildFile; productRef = 1A32022C2BBF843B00B65065 /* FirebaseDatabaseSwift */; };
		1A32022F2BBF843B00B65065 /* FirebaseDynamicLinks in Frameworks */ = {isa = PBXBuildFile; productRef = 1A32022E2BBF843B00B65065 /* FirebaseDynamicLinks */; };
		1A3202312BBF843B00B65065 /* FirebaseFirestore in Frameworks */ = {isa = PBXBuildFile; productRef = 1A3202302BBF843B00B65065 /* FirebaseFirestore */; };
		1A3202332BBF843B00B65065 /* FirebaseFirestoreCombine-Community in Frameworks */ = {isa = PBXBuildFile; productRef = 1A3202322BBF843B00B65065 /* FirebaseFirestoreCombine-Community */; };
		1A3202352BBF843B00B65065 /* FirebaseFirestoreSwift in Frameworks */ = {isa = PBXBuildFile; productRef = 1A3202342BBF843B00B65065 /* FirebaseFirestoreSwift */; };
		1A3202372BBF843B00B65065 /* FirebaseFunctions in Frameworks */ = {isa = PBXBuildFile; productRef = 1A3202362BBF843B00B65065 /* FirebaseFunctions */; };
		1A3202392BBF843B00B65065 /* FirebaseFunctionsCombine-Community in Frameworks */ = {isa = PBXBuildFile; productRef = 1A3202382BBF843B00B65065 /* FirebaseFunctionsCombine-Community */; };
		1A32023B2BBF843B00B65065 /* FirebaseInAppMessaging-Beta in Frameworks */ = {isa = PBXBuildFile; productRef = 1A32023A2BBF843B00B65065 /* FirebaseInAppMessaging-Beta */; };
		1A32023D2BBF843B00B65065 /* FirebaseInAppMessagingSwift-Beta in Frameworks */ = {isa = PBXBuildFile; productRef = 1A32023C2BBF843B00B65065 /* FirebaseInAppMessagingSwift-Beta */; };
		1A32023F2BBF843B00B65065 /* FirebaseInstallations in Frameworks */ = {isa = PBXBuildFile; productRef = 1A32023E2BBF843B00B65065 /* FirebaseInstallations */; };
		1A3202412BBF843B00B65065 /* FirebaseMLModelDownloader in Frameworks */ = {isa = PBXBuildFile; productRef = 1A3202402BBF843B00B65065 /* FirebaseMLModelDownloader */; };
		1A3202432BBF843B00B65065 /* FirebaseMessaging in Frameworks */ = {isa = PBXBuildFile; productRef = 1A3202422BBF843B00B65065 /* FirebaseMessaging */; };
		1A3202452BBF843B00B65065 /* FirebasePerformance in Frameworks */ = {isa = PBXBuildFile; productRef = 1A3202442BBF843B00B65065 /* FirebasePerformance */; };
		1A3202472BBF843B00B65065 /* FirebaseRemoteConfig in Frameworks */ = {isa = PBXBuildFile; productRef = 1A3202462BBF843B00B65065 /* FirebaseRemoteConfig */; };
		1A3202492BBF843B00B65065 /* FirebaseRemoteConfigSwift in Frameworks */ = {isa = PBXBuildFile; productRef = 1A3202482BBF843B00B65065 /* FirebaseRemoteConfigSwift */; };
		1A32024B2BBF843B00B65065 /* FirebaseStorage in Frameworks */ = {isa = PBXBuildFile; productRef = 1A32024A2BBF843B00B65065 /* FirebaseStorage */; };
		1A32024D2BBF843B00B65065 /* FirebaseStorageCombine-Community in Frameworks */ = {isa = PBXBuildFile; productRef = 1A32024C2BBF843B00B65065 /* FirebaseStorageCombine-Community */; };
		1A32024F2BBF86A900B65065 /* GoogleService-Info.plist in Resources */ = {isa = PBXBuildFile; fileRef = 1A32024E2BBF86A900B65065 /* GoogleService-Info.plist */; };
		1A3202512BBF8C9300B65065 /* PlannerTypeView.swift in Sources */ = {isa = PBXBuildFile; fileRef = 1A3202502BBF8C9300B65065 /* PlannerTypeView.swift */; };
		1A786F172BDC2DF800F4A99E /* MonthlyView.swift in Sources */ = {isa = PBXBuildFile; fileRef = 1A786F162BDC2DF800F4A99E /* MonthlyView.swift */; };
		1A786F192BDC2E0900F4A99E /* DailyView.swift in Sources */ = {isa = PBXBuildFile; fileRef = 1A786F182BDC2E0900F4A99E /* DailyView.swift */; };
		1A786F1B2BDC2E1A00F4A99E /* WeeklyView.swift in Sources */ = {isa = PBXBuildFile; fileRef = 1A786F1A2BDC2E1A00F4A99E /* WeeklyView.swift */; };
		1A786F1D2BDD638B00F4A99E /* DailyTopView.swift in Sources */ = {isa = PBXBuildFile; fileRef = 1A786F1C2BDD638B00F4A99E /* DailyTopView.swift */; };
		1A786F202BDD64E700F4A99E /* DailyMainView.swift in Sources */ = {isa = PBXBuildFile; fileRef = 1A786F1F2BDD64E700F4A99E /* DailyMainView.swift */; };
		1A786F222BDD64FF00F4A99E /* DailyBottomView.swift in Sources */ = {isa = PBXBuildFile; fileRef = 1A786F212BDD64FF00F4A99E /* DailyBottomView.swift */; };
		1A786F242BDD80E900F4A99E /* WeeklyLeftSide.swift in Sources */ = {isa = PBXBuildFile; fileRef = 1A786F232BDD80E900F4A99E /* WeeklyLeftSide.swift */; };
		1A786F272BDD814800F4A99E /* WeeklyRightSide.swift in Sources */ = {isa = PBXBuildFile; fileRef = 1A786F262BDD814800F4A99E /* WeeklyRightSide.swift */; };
		1A786F2A2BDD95F600F4A99E /* documentRetrieval.swift in Sources */ = {isa = PBXBuildFile; fileRef = 1A786F292BDD95F600F4A99E /* documentRetrieval.swift */; };
		1A786F2C2BDD97DD00F4A99E /* NotesModel.swift in Sources */ = {isa = PBXBuildFile; fileRef = 1A786F2B2BDD97DD00F4A99E /* NotesModel.swift */; };
		1A786F2E2BDDB77500F4A99E /* ListModel.swift in Sources */ = {isa = PBXBuildFile; fileRef = 1A786F2D2BDDB77500F4A99E /* ListModel.swift */; };
		1A786F342BDDCB2D00F4A99E /* TextView.swift in Sources */ = {isa = PBXBuildFile; fileRef = 1A786F332BDDCB2D00F4A99E /* TextView.swift */; };
		1A786F362BDDD06600F4A99E /* MeetingsModel.swift in Sources */ = {isa = PBXBuildFile; fileRef = 1A786F352BDDD06600F4A99E /* MeetingsModel.swift */; };
		1A786F382BDDE8A600F4A99E /* QuotesModel.swift in Sources */ = {isa = PBXBuildFile; fileRef = 1A786F372BDDE8A600F4A99E /* QuotesModel.swift */; };
		1A786F3C2BDDEA1400F4A99E /* QuoteViewModel.swift in Sources */ = {isa = PBXBuildFile; fileRef = 1A786F3B2BDDEA1400F4A99E /* QuoteViewModel.swift */; };
/* End PBXBuildFile section */

/* Begin PBXFileReference section */
		1A3202032BBF6A4900B65065 /* Monthly Planner.app */ = {isa = PBXFileReference; explicitFileType = wrapper.application; includeInIndex = 0; path = "Monthly Planner.app"; sourceTree = BUILT_PRODUCTS_DIR; };
		1A3202062BBF6A4900B65065 /* Monthly_PlannerApp.swift */ = {isa = PBXFileReference; lastKnownFileType = sourcecode.swift; path = Monthly_PlannerApp.swift; sourceTree = "<group>"; };
		1A3202082BBF6A4900B65065 /* SignUpView.swift */ = {isa = PBXFileReference; lastKnownFileType = sourcecode.swift; path = SignUpView.swift; sourceTree = "<group>"; };
		1A32020A2BBF6A4B00B65065 /* Assets.xcassets */ = {isa = PBXFileReference; lastKnownFileType = folder.assetcatalog; path = Assets.xcassets; sourceTree = "<group>"; };
		1A32020D2BBF6A4B00B65065 /* Preview Assets.xcassets */ = {isa = PBXFileReference; lastKnownFileType = folder.assetcatalog; path = "Preview Assets.xcassets"; sourceTree = "<group>"; };
		1A32024E2BBF86A900B65065 /* GoogleService-Info.plist */ = {isa = PBXFileReference; fileEncoding = 4; lastKnownFileType = text.plist.xml; path = "GoogleService-Info.plist"; sourceTree = "<group>"; };
		1A3202502BBF8C9300B65065 /* PlannerTypeView.swift */ = {isa = PBXFileReference; lastKnownFileType = sourcecode.swift; path = PlannerTypeView.swift; sourceTree = "<group>"; };
		1A786F162BDC2DF800F4A99E /* MonthlyView.swift */ = {isa = PBXFileReference; lastKnownFileType = sourcecode.swift; path = MonthlyView.swift; sourceTree = "<group>"; };
		1A786F182BDC2E0900F4A99E /* DailyView.swift */ = {isa = PBXFileReference; lastKnownFileType = sourcecode.swift; path = DailyView.swift; sourceTree = "<group>"; };
		1A786F1A2BDC2E1A00F4A99E /* WeeklyView.swift */ = {isa = PBXFileReference; lastKnownFileType = sourcecode.swift; path = WeeklyView.swift; sourceTree = "<group>"; };
		1A786F1C2BDD638B00F4A99E /* DailyTopView.swift */ = {isa = PBXFileReference; lastKnownFileType = sourcecode.swift; path = DailyTopView.swift; sourceTree = "<group>"; };
		1A786F1F2BDD64E700F4A99E /* DailyMainView.swift */ = {isa = PBXFileReference; lastKnownFileType = sourcecode.swift; path = DailyMainView.swift; sourceTree = "<group>"; };
		1A786F212BDD64FF00F4A99E /* DailyBottomView.swift */ = {isa = PBXFileReference; lastKnownFileType = sourcecode.swift; path = DailyBottomView.swift; sourceTree = "<group>"; };
		1A786F232BDD80E900F4A99E /* WeeklyLeftSide.swift */ = {isa = PBXFileReference; lastKnownFileType = sourcecode.swift; path = WeeklyLeftSide.swift; sourceTree = "<group>"; };
		1A786F262BDD814800F4A99E /* WeeklyRightSide.swift */ = {isa = PBXFileReference; lastKnownFileType = sourcecode.swift; path = WeeklyRightSide.swift; sourceTree = "<group>"; };
		1A786F292BDD95F600F4A99E /* documentRetrieval.swift */ = {isa = PBXFileReference; lastKnownFileType = sourcecode.swift; path = documentRetrieval.swift; sourceTree = "<group>"; };
		1A786F2B2BDD97DD00F4A99E /* NotesModel.swift */ = {isa = PBXFileReference; lastKnownFileType = sourcecode.swift; path = NotesModel.swift; sourceTree = "<group>"; };
		1A786F2D2BDDB77500F4A99E /* ListModel.swift */ = {isa = PBXFileReference; lastKnownFileType = sourcecode.swift; path = ListModel.swift; sourceTree = "<group>"; };
		1A786F332BDDCB2D00F4A99E /* TextView.swift */ = {isa = PBXFileReference; lastKnownFileType = sourcecode.swift; path = TextView.swift; sourceTree = "<group>"; };
		1A786F352BDDD06600F4A99E /* MeetingsModel.swift */ = {isa = PBXFileReference; lastKnownFileType = sourcecode.swift; path = MeetingsModel.swift; sourceTree = "<group>"; };
		1A786F372BDDE8A600F4A99E /* QuotesModel.swift */ = {isa = PBXFileReference; lastKnownFileType = sourcecode.swift; path = QuotesModel.swift; sourceTree = "<group>"; };
		1A786F3B2BDDEA1400F4A99E /* QuoteViewModel.swift */ = {isa = PBXFileReference; lastKnownFileType = sourcecode.swift; path = QuoteViewModel.swift; sourceTree = "<group>"; };
/* End PBXFileReference section */

/* Begin PBXFrameworksBuildPhase section */
		1A3202002BBF6A4900B65065 /* Frameworks */ = {
			isa = PBXFrameworksBuildPhase;
			buildActionMask = 2147483647;
			files = (
				1A32022B2BBF843B00B65065 /* FirebaseDatabase in Frameworks */,
				1A3202392BBF843B00B65065 /* FirebaseFunctionsCombine-Community in Frameworks */,
				1A3202312BBF843B00B65065 /* FirebaseFirestore in Frameworks */,
				1A32021D2BBF843B00B65065 /* FirebaseAnalyticsSwift in Frameworks */,
				1A3202192BBF843B00B65065 /* FirebaseAnalytics in Frameworks */,
				1A32021B2BBF843B00B65065 /* FirebaseAnalyticsOnDeviceConversion in Frameworks */,
				1A3202412BBF843B00B65065 /* FirebaseMLModelDownloader in Frameworks */,
				1A3202352BBF843B00B65065 /* FirebaseFirestoreSwift in Frameworks */,
				1A3202212BBF843B00B65065 /* FirebaseAppCheck in Frameworks */,
				1A32021F2BBF843B00B65065 /* FirebaseAnalyticsWithoutAdIdSupport in Frameworks */,
				1A3202252BBF843B00B65065 /* FirebaseAuth in Frameworks */,
				1A3202292BBF843B00B65065 /* FirebaseCrashlytics in Frameworks */,
				1A3202492BBF843B00B65065 /* FirebaseRemoteConfigSwift in Frameworks */,
				1A32023B2BBF843B00B65065 /* FirebaseInAppMessaging-Beta in Frameworks */,
				1A32022D2BBF843B00B65065 /* FirebaseDatabaseSwift in Frameworks */,
				1A3202372BBF843B00B65065 /* FirebaseFunctions in Frameworks */,
				1A32024D2BBF843B00B65065 /* FirebaseStorageCombine-Community in Frameworks */,
				1A3202472BBF843B00B65065 /* FirebaseRemoteConfig in Frameworks */,
				1A3202232BBF843B00B65065 /* FirebaseAppDistribution-Beta in Frameworks */,
				1A3202272BBF843B00B65065 /* FirebaseAuthCombine-Community in Frameworks */,
				1A3202452BBF843B00B65065 /* FirebasePerformance in Frameworks */,
				1A32023D2BBF843B00B65065 /* FirebaseInAppMessagingSwift-Beta in Frameworks */,
				1A32024B2BBF843B00B65065 /* FirebaseStorage in Frameworks */,
				1A32022F2BBF843B00B65065 /* FirebaseDynamicLinks in Frameworks */,
				1A3202332BBF843B00B65065 /* FirebaseFirestoreCombine-Community in Frameworks */,
				1A3202432BBF843B00B65065 /* FirebaseMessaging in Frameworks */,
				1A32023F2BBF843B00B65065 /* FirebaseInstallations in Frameworks */,
			);
			runOnlyForDeploymentPostprocessing = 0;
		};
/* End PBXFrameworksBuildPhase section */

/* Begin PBXGroup section */
		1A3201FA2BBF6A4900B65065 = {
			isa = PBXGroup;
			children = (
				1A3202052BBF6A4900B65065 /* Monthly Planner */,
				1A3202042BBF6A4900B65065 /* Products */,
			);
			sourceTree = "<group>";
		};
		1A3202042BBF6A4900B65065 /* Products */ = {
			isa = PBXGroup;
			children = (
				1A3202032BBF6A4900B65065 /* Monthly Planner.app */,
			);
			name = Products;
			sourceTree = "<group>";
		};
		1A3202052BBF6A4900B65065 /* Monthly Planner */ = {
			isa = PBXGroup;
			children = (
				1A3202062BBF6A4900B65065 /* Monthly_PlannerApp.swift */,
				1A3202142BBF6B9400B65065 /* View */,
				1A786F282BDD95AA00F4A99E /* ViewModel */,
				1A3202162BBF6C4600B65065 /* Model */,
				1A32020A2BBF6A4B00B65065 /* Assets.xcassets */,
				1A32024E2BBF86A900B65065 /* GoogleService-Info.plist */,
				1A32020C2BBF6A4B00B65065 /* Preview Content */,
			);
			path = "Monthly Planner";
			sourceTree = "<group>";
		};
		1A32020C2BBF6A4B00B65065 /* Preview Content */ = {
			isa = PBXGroup;
			children = (
				1A32020D2BBF6A4B00B65065 /* Preview Assets.xcassets */,
			);
			path = "Preview Content";
			sourceTree = "<group>";
		};
		1A3202142BBF6B9400B65065 /* View */ = {
			isa = PBXGroup;
			children = (
				1A3202082BBF6A4900B65065 /* SignUpView.swift */,
				1A3202502BBF8C9300B65065 /* PlannerTypeView.swift */,
				1A786F162BDC2DF800F4A99E /* MonthlyView.swift */,
				1A786F1A2BDC2E1A00F4A99E /* WeeklyView.swift */,
				1A786F252BDD80EF00F4A99E /* Weekly Containers */,
				1A786F182BDC2E0900F4A99E /* DailyView.swift */,
				1A786F1E2BDD639000F4A99E /* DailyContainers */,
			);
			path = View;
			sourceTree = "<group>";
		};
		1A3202162BBF6C4600B65065 /* Model */ = {
			isa = PBXGroup;
			children = (
				1A786F2B2BDD97DD00F4A99E /* NotesModel.swift */,
				1A786F372BDDE8A600F4A99E /* QuotesModel.swift */,
				1A786F352BDDD06600F4A99E /* MeetingsModel.swift */,
				1A786F2D2BDDB77500F4A99E /* ListModel.swift */,
			);
			path = Model;
			sourceTree = "<group>";
		};
		1A786F1E2BDD639000F4A99E /* DailyContainers */ = {
			isa = PBXGroup;
			children = (
				1A786F1C2BDD638B00F4A99E /* DailyTopView.swift */,
				1A786F1F2BDD64E700F4A99E /* DailyMainView.swift */,
				1A786F212BDD64FF00F4A99E /* DailyBottomView.swift */,
				1A786F332BDDCB2D00F4A99E /* TextView.swift */,
			);
			path = DailyContainers;
			sourceTree = "<group>";
		};
		1A786F252BDD80EF00F4A99E /* Weekly Containers */ = {
			isa = PBXGroup;
			children = (
				1A786F232BDD80E900F4A99E /* WeeklyLeftSide.swift */,
				1A786F262BDD814800F4A99E /* WeeklyRightSide.swift */,
			);
			path = "Weekly Containers";
			sourceTree = "<group>";
		};
		1A786F282BDD95AA00F4A99E /* ViewModel */ = {
			isa = PBXGroup;
			children = (
				1A786F292BDD95F600F4A99E /* documentRetrieval.swift */,
				1A786F3B2BDDEA1400F4A99E /* QuoteViewModel.swift */,
			);
			path = ViewModel;
			sourceTree = "<group>";
		};
/* End PBXGroup section */

/* Begin PBXNativeTarget section */
		1A3202022BBF6A4900B65065 /* Monthly Planner */ = {
			isa = PBXNativeTarget;
			buildConfigurationList = 1A3202112BBF6A4B00B65065 /* Build configuration list for PBXNativeTarget "Monthly Planner" */;
			buildPhases = (
				1A3201FF2BBF6A4900B65065 /* Sources */,
				1A3202002BBF6A4900B65065 /* Frameworks */,
				1A3202012BBF6A4900B65065 /* Resources */,
			);
			buildRules = (
			);
			dependencies = (
			);
			name = "Monthly Planner";
			packageProductDependencies = (
				1A3202182BBF843B00B65065 /* FirebaseAnalytics */,
				1A32021A2BBF843B00B65065 /* FirebaseAnalyticsOnDeviceConversion */,
				1A32021C2BBF843B00B65065 /* FirebaseAnalyticsSwift */,
				1A32021E2BBF843B00B65065 /* FirebaseAnalyticsWithoutAdIdSupport */,
				1A3202202BBF843B00B65065 /* FirebaseAppCheck */,
				1A3202222BBF843B00B65065 /* FirebaseAppDistribution-Beta */,
				1A3202242BBF843B00B65065 /* FirebaseAuth */,
				1A3202262BBF843B00B65065 /* FirebaseAuthCombine-Community */,
				1A3202282BBF843B00B65065 /* FirebaseCrashlytics */,
				1A32022A2BBF843B00B65065 /* FirebaseDatabase */,
				1A32022C2BBF843B00B65065 /* FirebaseDatabaseSwift */,
				1A32022E2BBF843B00B65065 /* FirebaseDynamicLinks */,
				1A3202302BBF843B00B65065 /* FirebaseFirestore */,
				1A3202322BBF843B00B65065 /* FirebaseFirestoreCombine-Community */,
				1A3202342BBF843B00B65065 /* FirebaseFirestoreSwift */,
				1A3202362BBF843B00B65065 /* FirebaseFunctions */,
				1A3202382BBF843B00B65065 /* FirebaseFunctionsCombine-Community */,
				1A32023A2BBF843B00B65065 /* FirebaseInAppMessaging-Beta */,
				1A32023C2BBF843B00B65065 /* FirebaseInAppMessagingSwift-Beta */,
				1A32023E2BBF843B00B65065 /* FirebaseInstallations */,
				1A3202402BBF843B00B65065 /* FirebaseMLModelDownloader */,
				1A3202422BBF843B00B65065 /* FirebaseMessaging */,
				1A3202442BBF843B00B65065 /* FirebasePerformance */,
				1A3202462BBF843B00B65065 /* FirebaseRemoteConfig */,
				1A3202482BBF843B00B65065 /* FirebaseRemoteConfigSwift */,
				1A32024A2BBF843B00B65065 /* FirebaseStorage */,
				1A32024C2BBF843B00B65065 /* FirebaseStorageCombine-Community */,
			);
			productName = "Monthly Planner";
			productReference = 1A3202032BBF6A4900B65065 /* Monthly Planner.app */;
			productType = "com.apple.product-type.application";
		};
/* End PBXNativeTarget section */

/* Begin PBXProject section */
		1A3201FB2BBF6A4900B65065 /* Project object */ = {
			isa = PBXProject;
			attributes = {
				BuildIndependentTargetsInParallel = 1;
				LastSwiftUpdateCheck = 1520;
				LastUpgradeCheck = 1520;
				TargetAttributes = {
					1A3202022BBF6A4900B65065 = {
						CreatedOnToolsVersion = 15.2;
					};
				};
			};
			buildConfigurationList = 1A3201FE2BBF6A4900B65065 /* Build configuration list for PBXProject "Monthly Planner" */;
			compatibilityVersion = "Xcode 14.0";
			developmentRegion = en;
			hasScannedForEncodings = 0;
			knownRegions = (
				en,
				Base,
			);
			mainGroup = 1A3201FA2BBF6A4900B65065;
			packageReferences = (
				1A3202172BBF843B00B65065 /* XCRemoteSwiftPackageReference "firebase-ios-sdk" */,
			);
			productRefGroup = 1A3202042BBF6A4900B65065 /* Products */;
			projectDirPath = "";
			projectRoot = "";
			targets = (
				1A3202022BBF6A4900B65065 /* Monthly Planner */,
			);
		};
/* End PBXProject section */

/* Begin PBXResourcesBuildPhase section */
		1A3202012BBF6A4900B65065 /* Resources */ = {
			isa = PBXResourcesBuildPhase;
			buildActionMask = 2147483647;
			files = (
				1A32020E2BBF6A4B00B65065 /* Preview Assets.xcassets in Resources */,
				1A32020B2BBF6A4B00B65065 /* Assets.xcassets in Resources */,
				1A32024F2BBF86A900B65065 /* GoogleService-Info.plist in Resources */,
			);
			runOnlyForDeploymentPostprocessing = 0;
		};
/* End PBXResourcesBuildPhase section */

/* Begin PBXSourcesBuildPhase section */
		1A3201FF2BBF6A4900B65065 /* Sources */ = {
			isa = PBXSourcesBuildPhase;
			buildActionMask = 2147483647;
			files = (
				1A786F242BDD80E900F4A99E /* WeeklyLeftSide.swift in Sources */,
				1A3202512BBF8C9300B65065 /* PlannerTypeView.swift in Sources */,
				1A786F2C2BDD97DD00F4A99E /* NotesModel.swift in Sources */,
				1A786F202BDD64E700F4A99E /* DailyMainView.swift in Sources */,
				1A786F272BDD814800F4A99E /* WeeklyRightSide.swift in Sources */,
				1A3202092BBF6A4900B65065 /* SignUpView.swift in Sources */,
				1A786F172BDC2DF800F4A99E /* MonthlyView.swift in Sources */,
				1A786F382BDDE8A600F4A99E /* QuotesModel.swift in Sources */,
				1A786F192BDC2E0900F4A99E /* DailyView.swift in Sources */,
				1A786F3C2BDDEA1400F4A99E /* QuoteViewModel.swift in Sources */,
				1A3202072BBF6A4900B65065 /* Monthly_PlannerApp.swift in Sources */,
				1A786F342BDDCB2D00F4A99E /* TextView.swift in Sources */,
				1A786F1D2BDD638B00F4A99E /* DailyTopView.swift in Sources */,
				1A786F362BDDD06600F4A99E /* MeetingsModel.swift in Sources */,
				1A786F222BDD64FF00F4A99E /* DailyBottomView.swift in Sources */,
				1A786F2E2BDDB77500F4A99E /* ListModel.swift in Sources */,
				1A786F1B2BDC2E1A00F4A99E /* WeeklyView.swift in Sources */,
				1A786F2A2BDD95F600F4A99E /* documentRetrieval.swift in Sources */,
			);
			runOnlyForDeploymentPostprocessing = 0;
		};
/* End PBXSourcesBuildPhase section */

/* Begin XCBuildConfiguration section */
		1A32020F2BBF6A4B00B65065 /* Debug */ = {
			isa = XCBuildConfiguration;
			buildSettings = {
				ALWAYS_SEARCH_USER_PATHS = NO;
				ASSETCATALOG_COMPILER_GENERATE_SWIFT_ASSET_SYMBOL_EXTENSIONS = YES;
				CLANG_ANALYZER_NONNULL = YES;
				CLANG_ANALYZER_NUMBER_OBJECT_CONVERSION = YES_AGGRESSIVE;
				CLANG_CXX_LANGUAGE_STANDARD = "gnu++20";
				CLANG_ENABLE_MODULES = YES;
				CLANG_ENABLE_OBJC_ARC = YES;
				CLANG_ENABLE_OBJC_WEAK = YES;
				CLANG_WARN_BLOCK_CAPTURE_AUTORELEASING = YES;
				CLANG_WARN_BOOL_CONVERSION = YES;
				CLANG_WARN_COMMA = YES;
				CLANG_WARN_CONSTANT_CONVERSION = YES;
				CLANG_WARN_DEPRECATED_OBJC_IMPLEMENTATIONS = YES;
				CLANG_WARN_DIRECT_OBJC_ISA_USAGE = YES_ERROR;
				CLANG_WARN_DOCUMENTATION_COMMENTS = YES;
				CLANG_WARN_EMPTY_BODY = YES;
				CLANG_WARN_ENUM_CONVERSION = YES;
				CLANG_WARN_INFINITE_RECURSION = YES;
				CLANG_WARN_INT_CONVERSION = YES;
				CLANG_WARN_NON_LITERAL_NULL_CONVERSION = YES;
				CLANG_WARN_OBJC_IMPLICIT_RETAIN_SELF = YES;
				CLANG_WARN_OBJC_LITERAL_CONVERSION = YES;
				CLANG_WARN_OBJC_ROOT_CLASS = YES_ERROR;
				CLANG_WARN_QUOTED_INCLUDE_IN_FRAMEWORK_HEADER = YES;
				CLANG_WARN_RANGE_LOOP_ANALYSIS = YES;
				CLANG_WARN_STRICT_PROTOTYPES = YES;
				CLANG_WARN_SUSPICIOUS_MOVE = YES;
				CLANG_WARN_UNGUARDED_AVAILABILITY = YES_AGGRESSIVE;
				CLANG_WARN_UNREACHABLE_CODE = YES;
				CLANG_WARN__DUPLICATE_METHOD_MATCH = YES;
				COPY_PHASE_STRIP = NO;
				DEBUG_INFORMATION_FORMAT = dwarf;
				ENABLE_STRICT_OBJC_MSGSEND = YES;
				ENABLE_TESTABILITY = YES;
				ENABLE_USER_SCRIPT_SANDBOXING = YES;
				GCC_C_LANGUAGE_STANDARD = gnu17;
				GCC_DYNAMIC_NO_PIC = NO;
				GCC_NO_COMMON_BLOCKS = YES;
				GCC_OPTIMIZATION_LEVEL = 0;
				GCC_PREPROCESSOR_DEFINITIONS = (
					"DEBUG=1",
					"$(inherited)",
				);
				GCC_WARN_64_TO_32_BIT_CONVERSION = YES;
				GCC_WARN_ABOUT_RETURN_TYPE = YES_ERROR;
				GCC_WARN_UNDECLARED_SELECTOR = YES;
				GCC_WARN_UNINITIALIZED_AUTOS = YES_AGGRESSIVE;
				GCC_WARN_UNUSED_FUNCTION = YES;
				GCC_WARN_UNUSED_VARIABLE = YES;
				IPHONEOS_DEPLOYMENT_TARGET = 17.2;
				LOCALIZATION_PREFERS_STRING_CATALOGS = YES;
				MTL_ENABLE_DEBUG_INFO = INCLUDE_SOURCE;
				MTL_FAST_MATH = YES;
				ONLY_ACTIVE_ARCH = YES;
				SDKROOT = iphoneos;
				SWIFT_ACTIVE_COMPILATION_CONDITIONS = "DEBUG $(inherited)";
				SWIFT_OPTIMIZATION_LEVEL = "-Onone";
			};
			name = Debug;
		};
		1A3202102BBF6A4B00B65065 /* Release */ = {
			isa = XCBuildConfiguration;
			buildSettings = {
				ALWAYS_SEARCH_USER_PATHS = NO;
				ASSETCATALOG_COMPILER_GENERATE_SWIFT_ASSET_SYMBOL_EXTENSIONS = YES;
				CLANG_ANALYZER_NONNULL = YES;
				CLANG_ANALYZER_NUMBER_OBJECT_CONVERSION = YES_AGGRESSIVE;
				CLANG_CXX_LANGUAGE_STANDARD = "gnu++20";
				CLANG_ENABLE_MODULES = YES;
				CLANG_ENABLE_OBJC_ARC = YES;
				CLANG_ENABLE_OBJC_WEAK = YES;
				CLANG_WARN_BLOCK_CAPTURE_AUTORELEASING = YES;
				CLANG_WARN_BOOL_CONVERSION = YES;
				CLANG_WARN_COMMA = YES;
				CLANG_WARN_CONSTANT_CONVERSION = YES;
				CLANG_WARN_DEPRECATED_OBJC_IMPLEMENTATIONS = YES;
				CLANG_WARN_DIRECT_OBJC_ISA_USAGE = YES_ERROR;
				CLANG_WARN_DOCUMENTATION_COMMENTS = YES;
				CLANG_WARN_EMPTY_BODY = YES;
				CLANG_WARN_ENUM_CONVERSION = YES;
				CLANG_WARN_INFINITE_RECURSION = YES;
				CLANG_WARN_INT_CONVERSION = YES;
				CLANG_WARN_NON_LITERAL_NULL_CONVERSION = YES;
				CLANG_WARN_OBJC_IMPLICIT_RETAIN_SELF = YES;
				CLANG_WARN_OBJC_LITERAL_CONVERSION = YES;
				CLANG_WARN_OBJC_ROOT_CLASS = YES_ERROR;
				CLANG_WARN_QUOTED_INCLUDE_IN_FRAMEWORK_HEADER = YES;
				CLANG_WARN_RANGE_LOOP_ANALYSIS = YES;
				CLANG_WARN_STRICT_PROTOTYPES = YES;
				CLANG_WARN_SUSPICIOUS_MOVE = YES;
				CLANG_WARN_UNGUARDED_AVAILABILITY = YES_AGGRESSIVE;
				CLANG_WARN_UNREACHABLE_CODE = YES;
				CLANG_WARN__DUPLICATE_METHOD_MATCH = YES;
				COPY_PHASE_STRIP = NO;
				DEBUG_INFORMATION_FORMAT = "dwarf-with-dsym";
				ENABLE_NS_ASSERTIONS = NO;
				ENABLE_STRICT_OBJC_MSGSEND = YES;
				ENABLE_USER_SCRIPT_SANDBOXING = YES;
				GCC_C_LANGUAGE_STANDARD = gnu17;
				GCC_NO_COMMON_BLOCKS = YES;
				GCC_WARN_64_TO_32_BIT_CONVERSION = YES;
				GCC_WARN_ABOUT_RETURN_TYPE = YES_ERROR;
				GCC_WARN_UNDECLARED_SELECTOR = YES;
				GCC_WARN_UNINITIALIZED_AUTOS = YES_AGGRESSIVE;
				GCC_WARN_UNUSED_FUNCTION = YES;
				GCC_WARN_UNUSED_VARIABLE = YES;
				IPHONEOS_DEPLOYMENT_TARGET = 17.2;
				LOCALIZATION_PREFERS_STRING_CATALOGS = YES;
				MTL_ENABLE_DEBUG_INFO = NO;
				MTL_FAST_MATH = YES;
				SDKROOT = iphoneos;
				SWIFT_COMPILATION_MODE = wholemodule;
				VALIDATE_PRODUCT = YES;
			};
			name = Release;
		};
		1A3202122BBF6A4B00B65065 /* Debug */ = {
			isa = XCBuildConfiguration;
			buildSettings = {
				ASSETCATALOG_COMPILER_APPICON_NAME = AppIcon;
				ASSETCATALOG_COMPILER_GLOBAL_ACCENT_COLOR_NAME = AccentColor;
				CODE_SIGN_STYLE = Automatic;
				CURRENT_PROJECT_VERSION = 1;
				DEVELOPMENT_ASSET_PATHS = "\"Monthly Planner/Preview Content\"";
				ENABLE_PREVIEWS = YES;
				GENERATE_INFOPLIST_FILE = YES;
				INFOPLIST_KEY_UIApplicationSceneManifest_Generation = YES;
				INFOPLIST_KEY_UIApplicationSupportsIndirectInputEvents = YES;
				INFOPLIST_KEY_UILaunchScreen_Generation = YES;
				INFOPLIST_KEY_UISupportedInterfaceOrientations_iPad = "UIInterfaceOrientationPortrait UIInterfaceOrientationPortraitUpsideDown UIInterfaceOrientationLandscapeLeft UIInterfaceOrientationLandscapeRight";
				INFOPLIST_KEY_UISupportedInterfaceOrientations_iPhone = "UIInterfaceOrientationPortrait UIInterfaceOrientationLandscapeLeft UIInterfaceOrientationLandscapeRight";
				LD_RUNPATH_SEARCH_PATHS = (
					"$(inherited)",
					"@executable_path/Frameworks",
				);
				MARKETING_VERSION = 1.0;
				PRODUCT_BUNDLE_IDENTIFIER = "edu.auburn.jav0015.Monthly-Planner";
				PRODUCT_NAME = "$(TARGET_NAME)";
				SWIFT_EMIT_LOC_STRINGS = YES;
				SWIFT_VERSION = 5.0;
				TARGETED_DEVICE_FAMILY = "1,2";
			};
			name = Debug;
		};
		1A3202132BBF6A4B00B65065 /* Release */ = {
			isa = XCBuildConfiguration;
			buildSettings = {
				ASSETCATALOG_COMPILER_APPICON_NAME = AppIcon;
				ASSETCATALOG_COMPILER_GLOBAL_ACCENT_COLOR_NAME = AccentColor;
				CODE_SIGN_STYLE = Automatic;
				CURRENT_PROJECT_VERSION = 1;
				DEVELOPMENT_ASSET_PATHS = "\"Monthly Planner/Preview Content\"";
				ENABLE_PREVIEWS = YES;
				GENERATE_INFOPLIST_FILE = YES;
				INFOPLIST_KEY_UIApplicationSceneManifest_Generation = YES;
				INFOPLIST_KEY_UIApplicationSupportsIndirectInputEvents = YES;
				INFOPLIST_KEY_UILaunchScreen_Generation = YES;
				INFOPLIST_KEY_UISupportedInterfaceOrientations_iPad = "UIInterfaceOrientationPortrait UIInterfaceOrientationPortraitUpsideDown UIInterfaceOrientationLandscapeLeft UIInterfaceOrientationLandscapeRight";
				INFOPLIST_KEY_UISupportedInterfaceOrientations_iPhone = "UIInterfaceOrientationPortrait UIInterfaceOrientationLandscapeLeft UIInterfaceOrientationLandscapeRight";
				LD_RUNPATH_SEARCH_PATHS = (
					"$(inherited)",
					"@executable_path/Frameworks",
				);
				MARKETING_VERSION = 1.0;
				PRODUCT_BUNDLE_IDENTIFIER = "edu.auburn.jav0015.Monthly-Planner";
				PRODUCT_NAME = "$(TARGET_NAME)";
				SWIFT_EMIT_LOC_STRINGS = YES;
				SWIFT_VERSION = 5.0;
				TARGETED_DEVICE_FAMILY = "1,2";
			};
			name = Release;
		};
/* End XCBuildConfiguration section */

/* Begin XCConfigurationList section */
		1A3201FE2BBF6A4900B65065 /* Build configuration list for PBXProject "Monthly Planner" */ = {
			isa = XCConfigurationList;
			buildConfigurations = (
				1A32020F2BBF6A4B00B65065 /* Debug */,
				1A3202102BBF6A4B00B65065 /* Release */,
			);
			defaultConfigurationIsVisible = 0;
			defaultConfigurationName = Release;
		};
		1A3202112BBF6A4B00B65065 /* Build configuration list for PBXNativeTarget "Monthly Planner" */ = {
			isa = XCConfigurationList;
			buildConfigurations = (
				1A3202122BBF6A4B00B65065 /* Debug */,
				1A3202132BBF6A4B00B65065 /* Release */,
			);
			defaultConfigurationIsVisible = 0;
			defaultConfigurationName = Release;
		};
/* End XCConfigurationList section */

/* Begin XCRemoteSwiftPackageReference section */
		1A3202172BBF843B00B65065 /* XCRemoteSwiftPackageReference "firebase-ios-sdk" */ = {
			isa = XCRemoteSwiftPackageReference;
			repositoryURL = "https://github.com/firebase/firebase-ios-sdk.git";
			requirement = {
				kind = upToNextMajorVersion;
				minimumVersion = 10.23.1;
			};
		};
/* End XCRemoteSwiftPackageReference section */

/* Begin XCSwiftPackageProductDependency section */
		1A3202182BBF843B00B65065 /* FirebaseAnalytics */ = {
			isa = XCSwiftPackageProductDependency;
			package = 1A3202172BBF843B00B65065 /* XCRemoteSwiftPackageReference "firebase-ios-sdk" */;
			productName = FirebaseAnalytics;
		};
		1A32021A2BBF843B00B65065 /* FirebaseAnalyticsOnDeviceConversion */ = {
			isa = XCSwiftPackageProductDependency;
			package = 1A3202172BBF843B00B65065 /* XCRemoteSwiftPackageReference "firebase-ios-sdk" */;
			productName = FirebaseAnalyticsOnDeviceConversion;
		};
		1A32021C2BBF843B00B65065 /* FirebaseAnalyticsSwift */ = {
			isa = XCSwiftPackageProductDependency;
			package = 1A3202172BBF843B00B65065 /* XCRemoteSwiftPackageReference "firebase-ios-sdk" */;
			productName = FirebaseAnalyticsSwift;
		};
		1A32021E2BBF843B00B65065 /* FirebaseAnalyticsWithoutAdIdSupport */ = {
			isa = XCSwiftPackageProductDependency;
			package = 1A3202172BBF843B00B65065 /* XCRemoteSwiftPackageReference "firebase-ios-sdk" */;
			productName = FirebaseAnalyticsWithoutAdIdSupport;
		};
		1A3202202BBF843B00B65065 /* FirebaseAppCheck */ = {
			isa = XCSwiftPackageProductDependency;
			package = 1A3202172BBF843B00B65065 /* XCRemoteSwiftPackageReference "firebase-ios-sdk" */;
			productName = FirebaseAppCheck;
		};
		1A3202222BBF843B00B65065 /* FirebaseAppDistribution-Beta */ = {
			isa = XCSwiftPackageProductDependency;
			package = 1A3202172BBF843B00B65065 /* XCRemoteSwiftPackageReference "firebase-ios-sdk" */;
			productName = "FirebaseAppDistribution-Beta";
		};
		1A3202242BBF843B00B65065 /* FirebaseAuth */ = {
			isa = XCSwiftPackageProductDependency;
			package = 1A3202172BBF843B00B65065 /* XCRemoteSwiftPackageReference "firebase-ios-sdk" */;
			productName = FirebaseAuth;
		};
		1A3202262BBF843B00B65065 /* FirebaseAuthCombine-Community */ = {
			isa = XCSwiftPackageProductDependency;
			package = 1A3202172BBF843B00B65065 /* XCRemoteSwiftPackageReference "firebase-ios-sdk" */;
			productName = "FirebaseAuthCombine-Community";
		};
		1A3202282BBF843B00B65065 /* FirebaseCrashlytics */ = {
			isa = XCSwiftPackageProductDependency;
			package = 1A3202172BBF843B00B65065 /* XCRemoteSwiftPackageReference "firebase-ios-sdk" */;
			productName = FirebaseCrashlytics;
		};
		1A32022A2BBF843B00B65065 /* FirebaseDatabase */ = {
			isa = XCSwiftPackageProductDependency;
			package = 1A3202172BBF843B00B65065 /* XCRemoteSwiftPackageReference "firebase-ios-sdk" */;
			productName = FirebaseDatabase;
		};
		1A32022C2BBF843B00B65065 /* FirebaseDatabaseSwift */ = {
			isa = XCSwiftPackageProductDependency;
			package = 1A3202172BBF843B00B65065 /* XCRemoteSwiftPackageReference "firebase-ios-sdk" */;
			productName = FirebaseDatabaseSwift;
		};
		1A32022E2BBF843B00B65065 /* FirebaseDynamicLinks */ = {
			isa = XCSwiftPackageProductDependency;
			package = 1A3202172BBF843B00B65065 /* XCRemoteSwiftPackageReference "firebase-ios-sdk" */;
			productName = FirebaseDynamicLinks;
		};
		1A3202302BBF843B00B65065 /* FirebaseFirestore */ = {
			isa = XCSwiftPackageProductDependency;
			package = 1A3202172BBF843B00B65065 /* XCRemoteSwiftPackageReference "firebase-ios-sdk" */;
			productName = FirebaseFirestore;
		};
		1A3202322BBF843B00B65065 /* FirebaseFirestoreCombine-Community */ = {
			isa = XCSwiftPackageProductDependency;
			package = 1A3202172BBF843B00B65065 /* XCRemoteSwiftPackageReference "firebase-ios-sdk" */;
			productName = "FirebaseFirestoreCombine-Community";
		};
		1A3202342BBF843B00B65065 /* FirebaseFirestoreSwift */ = {
			isa = XCSwiftPackageProductDependency;
			package = 1A3202172BBF843B00B65065 /* XCRemoteSwiftPackageReference "firebase-ios-sdk" */;
			productName = FirebaseFirestoreSwift;
		};
		1A3202362BBF843B00B65065 /* FirebaseFunctions */ = {
			isa = XCSwiftPackageProductDependency;
			package = 1A3202172BBF843B00B65065 /* XCRemoteSwiftPackageReference "firebase-ios-sdk" */;
			productName = FirebaseFunctions;
		};
		1A3202382BBF843B00B65065 /* FirebaseFunctionsCombine-Community */ = {
			isa = XCSwiftPackageProductDependency;
			package = 1A3202172BBF843B00B65065 /* XCRemoteSwiftPackageReference "firebase-ios-sdk" */;
			productName = "FirebaseFunctionsCombine-Community";
		};
		1A32023A2BBF843B00B65065 /* FirebaseInAppMessaging-Beta */ = {
			isa = XCSwiftPackageProductDependency;
			package = 1A3202172BBF843B00B65065 /* XCRemoteSwiftPackageReference "firebase-ios-sdk" */;
			productName = "FirebaseInAppMessaging-Beta";
		};
		1A32023C2BBF843B00B65065 /* FirebaseInAppMessagingSwift-Beta */ = {
			isa = XCSwiftPackageProductDependency;
			package = 1A3202172BBF843B00B65065 /* XCRemoteSwiftPackageReference "firebase-ios-sdk" */;
			productName = "FirebaseInAppMessagingSwift-Beta";
		};
		1A32023E2BBF843B00B65065 /* FirebaseInstallations */ = {
			isa = XCSwiftPackageProductDependency;
			package = 1A3202172BBF843B00B65065 /* XCRemoteSwiftPackageReference "firebase-ios-sdk" */;
			productName = FirebaseInstallations;
		};
		1A3202402BBF843B00B65065 /* FirebaseMLModelDownloader */ = {
			isa = XCSwiftPackageProductDependency;
			package = 1A3202172BBF843B00B65065 /* XCRemoteSwiftPackageReference "firebase-ios-sdk" */;
			productName = FirebaseMLModelDownloader;
		};
		1A3202422BBF843B00B65065 /* FirebaseMessaging */ = {
			isa = XCSwiftPackageProductDependency;
			package = 1A3202172BBF843B00B65065 /* XCRemoteSwiftPackageReference "firebase-ios-sdk" */;
			productName = FirebaseMessaging;
		};
		1A3202442BBF843B00B65065 /* FirebasePerformance */ = {
			isa = XCSwiftPackageProductDependency;
			package = 1A3202172BBF843B00B65065 /* XCRemoteSwiftPackageReference "firebase-ios-sdk" */;
			productName = FirebasePerformance;
		};
		1A3202462BBF843B00B65065 /* FirebaseRemoteConfig */ = {
			isa = XCSwiftPackageProductDependency;
			package = 1A3202172BBF843B00B65065 /* XCRemoteSwiftPackageReference "firebase-ios-sdk" */;
			productName = FirebaseRemoteConfig;
		};
		1A3202482BBF843B00B65065 /* FirebaseRemoteConfigSwift */ = {
			isa = XCSwiftPackageProductDependency;
			package = 1A3202172BBF843B00B65065 /* XCRemoteSwiftPackageReference "firebase-ios-sdk" */;
			productName = FirebaseRemoteConfigSwift;
		};
		1A32024A2BBF843B00B65065 /* FirebaseStorage */ = {
			isa = XCSwiftPackageProductDependency;
			package = 1A3202172BBF843B00B65065 /* XCRemoteSwiftPackageReference "firebase-ios-sdk" */;
			productName = FirebaseStorage;
		};
		1A32024C2BBF843B00B65065 /* FirebaseStorageCombine-Community */ = {
			isa = XCSwiftPackageProductDependency;
			package = 1A3202172BBF843B00B65065 /* XCRemoteSwiftPackageReference "firebase-ios-sdk" */;
			productName = "FirebaseStorageCombine-Community";
		};
/* End XCSwiftPackageProductDependency section */
	};
	rootObject = 1A3201FB2BBF6A4900B65065 /* Project object */;
}
